
Microsoft Visual Studio Solution File, Format Version 12.00
Project("{FAE04EC0-301F-11D3-BF4B-00C04F79EFBC}") = "TodoApi", "TodoApi\TodoApi.csproj", "{421AE2B4-D5A5-4BEB-AD1F-E21BDE85E75B}"
EndProject
Global
	GlobalSection(SolutionConfigurationPlatforms) = preSolution
		Debug|Any CPU = Debug|Any CPU
		Release|Any CPU = Release|Any CPU
	EndGlobalSection
	GlobalSection(ProjectConfigurationPlatforms) = postSolution
		{421AE2B4-D5A5-4BEB-AD1F-E21BDE85E75B}.Debug|Any CPU.ActiveCfg = Debug|Any CPU
		{421AE2B4-D5A5-4BEB-AD1F-E21BDE85E75B}.Debug|Any CPU.Build.0 = Debug|Any CPU
		{421AE2B4-D5A5-4BEB-AD1F-E21BDE85E75B}.Release|Any CPU.ActiveCfg = Release|Any CPU
		{421AE2B4-D5A5-4BEB-AD1F-E21BDE85E75B}.Release|Any CPU.Build.0 = Release|Any CPU
	EndGlobalSection
EndGlobal
